
Microsoft Visual Studio Solution File, Format Version 12.00
# Visual Studio Version 16
VisualStudioVersion = 16.0.31729.503
MinimumVisualStudioVersion = 10.0.40219.1
Project("{FAE04EC0-301F-11D3-BF4B-00C04F79EFBC}") = "edadesForm", "edadesForm\edadesForm.csproj", "{A4DE21D5-A527-4BFB-9C9C-5D4B22687485}"
EndProject
Global
	GlobalSection(SolutionConfigurationPlatforms) = preSolution
		Debug|Any CPU = Debug|Any CPU
		Release|Any CPU = Release|Any CPU
	EndGlobalSection
	GlobalSection(ProjectConfigurationPlatforms) = postSolution
		{A4DE21D5-A527-4BFB-9C9C-5D4B22687485}.Debug|Any CPU.ActiveCfg = Debug|Any CPU
		{A4DE21D5-A527-4BFB-9C9C-5D4B22687485}.Debug|Any CPU.Build.0 = Debug|Any CPU
		{A4DE21D5-A527-4BFB-9C9C-5D4B22687485}.Release|Any CPU.ActiveCfg = Release|Any CPU
		{A4DE21D5-A527-4BFB-9C9C-5D4B22687485}.Release|Any CPU.Build.0 = Release|Any CPU
	EndGlobalSection
	GlobalSection(SolutionProperties) = preSolution
		HideSolutionNode = FALSE
	EndGlobalSection
	GlobalSection(ExtensibilityGlobals) = postSolution
		SolutionGuid = {03115EBF-61C5-4B90-8387-4381B641934C}
	EndGlobalSection
EndGlobal
